// !$*UTF8*$!
{
	archiveVersion = 1;
	classes = {
	};
	objectVersion = 56;
	objects = {

/* Begin PBXBuildFile section */
		3237E20F2B6C879F004E6AC0 /* TabBarController.swift in Sources */ = {isa = PBXBuildFile; fileRef = 3237E20E2B6C879F004E6AC0 /* TabBarController.swift */; };
		3237E2112B6C8B06004E6AC0 /* HomeViewController.swift in Sources */ = {isa = PBXBuildFile; fileRef = 3237E2102B6C8B06004E6AC0 /* HomeViewController.swift */; };
		3237E2132B6C8EBE004E6AC0 /* PlayViewController.swift in Sources */ = {isa = PBXBuildFile; fileRef = 3237E2122B6C8EBE004E6AC0 /* PlayViewController.swift */; };
		3237E2152B6C8EF1004E6AC0 /* RatingsViewController.swift in Sources */ = {isa = PBXBuildFile; fileRef = 3237E2142B6C8EF1004E6AC0 /* RatingsViewController.swift */; };
		3237E9BE2B694E8B0030E918 /* AppDelegate.swift in Sources */ = {isa = PBXBuildFile; fileRef = 3237E9BD2B694E8B0030E918 /* AppDelegate.swift */; };
		3237E9C02B694E8B0030E918 /* SceneDelegate.swift in Sources */ = {isa = PBXBuildFile; fileRef = 3237E9BF2B694E8B0030E918 /* SceneDelegate.swift */; };
		3237E9C72B694E950030E918 /* Assets.xcassets in Resources */ = {isa = PBXBuildFile; fileRef = 3237E9C62B694E950030E918 /* Assets.xcassets */; };
		3237E9D52B694E950030E918 /* What__Where__When_Tests.swift in Sources */ = {isa = PBXBuildFile; fileRef = 3237E9D42B694E950030E918 /* What__Where__When_Tests.swift */; };
		3237E9DF2B694E960030E918 /* What__Where__When_UITests.swift in Sources */ = {isa = PBXBuildFile; fileRef = 3237E9DE2B694E960030E918 /* What__Where__When_UITests.swift */; };
		3237E9E12B694E960030E918 /* What__Where__When_UITestsLaunchTests.swift in Sources */ = {isa = PBXBuildFile; fileRef = 3237E9E02B694E960030E918 /* What__Where__When_UITestsLaunchTests.swift */; };
		327902FA2B6AF7E60051D8F8 /* OnboardingScreenView.swift in Sources */ = {isa = PBXBuildFile; fileRef = 327902F92B6AF7E60051D8F8 /* OnboardingScreenView.swift */; };
		327902FD2B6B0F0A0051D8F8 /* PageModel.swift in Sources */ = {isa = PBXBuildFile; fileRef = 327902FC2B6B0F0A0051D8F8 /* PageModel.swift */; };
		327903002B6B10940051D8F8 /* CustomPageView.swift in Sources */ = {isa = PBXBuildFile; fileRef = 327902FF2B6B10940051D8F8 /* CustomPageView.swift */; };
		327903062B6C18710051D8F8 /* LoginView.swift in Sources */ = {isa = PBXBuildFile; fileRef = 327903052B6C18710051D8F8 /* LoginView.swift */; };
		327903082B6C19890051D8F8 /* IntroView.swift in Sources */ = {isa = PBXBuildFile; fileRef = 327903072B6C19890051D8F8 /* IntroView.swift */; };
		327D6E5F2B6FAB040076993A /* GoogleService-Info.plist in Resources */ = {isa = PBXBuildFile; fileRef = 327D6E5E2B6FAB040076993A /* GoogleService-Info.plist */; };
		327D6E632B6FB9900076993A /* FirebaseAnalytics in Frameworks */ = {isa = PBXBuildFile; productRef = 327D6E622B6FB9900076993A /* FirebaseAnalytics */; };
		327D6E652B6FB9900076993A /* FirebaseAnalyticsSwift in Frameworks */ = {isa = PBXBuildFile; productRef = 327D6E642B6FB9900076993A /* FirebaseAnalyticsSwift */; };
		327D7B082B6FE11300644D4C /* FirebaseAuth in Frameworks */ = {isa = PBXBuildFile; productRef = 327D7B072B6FE11300644D4C /* FirebaseAuth */; };
		327D7B0C2B70571800644D4C /* CustomTextField.swift in Sources */ = {isa = PBXBuildFile; fileRef = 327D7B0B2B70571800644D4C /* CustomTextField.swift */; };
		327D7B102B706BBF00644D4C /* CustomButton.swift in Sources */ = {isa = PBXBuildFile; fileRef = 327D7B0F2B706BBF00644D4C /* CustomButton.swift */; };
		327E20382B6A003300736DB4 /* SignUpViewController.swift in Sources */ = {isa = PBXBuildFile; fileRef = 327E20372B6A003300736DB4 /* SignUpViewController.swift */; };
		327E203B2B6A005D00736DB4 /* PasswordRecoveryViewController.swift in Sources */ = {isa = PBXBuildFile; fileRef = 327E203A2B6A005D00736DB4 /* PasswordRecoveryViewController.swift */; };
		327E203E2B6A6A9600736DB4 /* Color+Extension.swift in Sources */ = {isa = PBXBuildFile; fileRef = 327E203D2B6A6A9600736DB4 /* Color+Extension.swift */; };
		327E20432B6A8C7200736DB4 /* bpg_nino_mkhedruli_normal.otf in Resources */ = {isa = PBXBuildFile; fileRef = 327E20422B6A8C7200736DB4 /* bpg_nino_mkhedruli_normal.otf */; };
		327E20442B6A8C7200736DB4 /* bpg_nino_mkhedruli_normal.otf in Resources */ = {isa = PBXBuildFile; fileRef = 327E20422B6A8C7200736DB4 /* bpg_nino_mkhedruli_normal.otf */; };
		327E20452B6A8C7200736DB4 /* bpg_nino_mkhedruli_normal.otf in Resources */ = {isa = PBXBuildFile; fileRef = 327E20422B6A8C7200736DB4 /* bpg_nino_mkhedruli_normal.otf */; };
		327E20472B6A8C7F00736DB4 /* bpg_nino_mkhedruli_book.otf in Resources */ = {isa = PBXBuildFile; fileRef = 327E20462B6A8C7F00736DB4 /* bpg_nino_mkhedruli_book.otf */; };
		327E20482B6A8C7F00736DB4 /* bpg_nino_mkhedruli_book.otf in Resources */ = {isa = PBXBuildFile; fileRef = 327E20462B6A8C7F00736DB4 /* bpg_nino_mkhedruli_book.otf */; };
		327E20492B6A8C7F00736DB4 /* bpg_nino_mkhedruli_book.otf in Resources */ = {isa = PBXBuildFile; fileRef = 327E20462B6A8C7F00736DB4 /* bpg_nino_mkhedruli_book.otf */; };
		327E204B2B6A8C8E00736DB4 /* bpg_nino_mkhedruli_bold.ttf in Resources */ = {isa = PBXBuildFile; fileRef = 327E204A2B6A8C8E00736DB4 /* bpg_nino_mkhedruli_bold.ttf */; };
		327E204C2B6A8C8E00736DB4 /* bpg_nino_mkhedruli_bold.ttf in Resources */ = {isa = PBXBuildFile; fileRef = 327E204A2B6A8C8E00736DB4 /* bpg_nino_mkhedruli_bold.ttf */; };
		327E204D2B6A8C8E00736DB4 /* bpg_nino_mkhedruli_bold.ttf in Resources */ = {isa = PBXBuildFile; fileRef = 327E204A2B6A8C8E00736DB4 /* bpg_nino_mkhedruli_bold.ttf */; };
		327E204F2B6A8C9800736DB4 /* bpg_nino_mtavruli_normal.ttf in Resources */ = {isa = PBXBuildFile; fileRef = 327E204E2B6A8C9800736DB4 /* bpg_nino_mtavruli_normal.ttf */; };
		327E20502B6A8C9800736DB4 /* bpg_nino_mtavruli_normal.ttf in Resources */ = {isa = PBXBuildFile; fileRef = 327E204E2B6A8C9800736DB4 /* bpg_nino_mtavruli_normal.ttf */; };
		327E20512B6A8C9800736DB4 /* bpg_nino_mtavruli_normal.ttf in Resources */ = {isa = PBXBuildFile; fileRef = 327E204E2B6A8C9800736DB4 /* bpg_nino_mtavruli_normal.ttf */; };
		327E20532B6A8CA200736DB4 /* bpg_nino_mtavruli_bold.ttf in Resources */ = {isa = PBXBuildFile; fileRef = 327E20522B6A8CA200736DB4 /* bpg_nino_mtavruli_bold.ttf */; };
		327E20542B6A8CA200736DB4 /* bpg_nino_mtavruli_bold.ttf in Resources */ = {isa = PBXBuildFile; fileRef = 327E20522B6A8CA200736DB4 /* bpg_nino_mtavruli_bold.ttf */; };
		327E20552B6A8CA200736DB4 /* bpg_nino_mtavruli_bold.ttf in Resources */ = {isa = PBXBuildFile; fileRef = 327E20522B6A8CA200736DB4 /* bpg_nino_mtavruli_bold.ttf */; };
		32831FF82B6DBEE900BDEF42 /* RatingModel.swift in Sources */ = {isa = PBXBuildFile; fileRef = 32831FF72B6DBEE900BDEF42 /* RatingModel.swift */; };
		32831FFC2B6DC3A200BDEF42 /* CustomRatingCell.swift in Sources */ = {isa = PBXBuildFile; fileRef = 32831FFB2B6DC3A200BDEF42 /* CustomRatingCell.swift */; };
		32CF662F2B6A962700FB1A98 /* Font+Extension.swift in Sources */ = {isa = PBXBuildFile; fileRef = 32CF662E2B6A962700FB1A98 /* Font+Extension.swift */; };
		32E4C3C32B6D2C75001385E5 /* CustomPlayButton.swift in Sources */ = {isa = PBXBuildFile; fileRef = 32E4C3C22B6D2C75001385E5 /* CustomPlayButton.swift */; };
		32E4C3C72B6D8851001385E5 /* CustomDashboardItem.swift in Sources */ = {isa = PBXBuildFile; fileRef = 32E4C3C62B6D8851001385E5 /* CustomDashboardItem.swift */; };
/* End PBXBuildFile section */

/* Begin PBXContainerItemProxy section */
		3237E9D12B694E950030E918 /* PBXContainerItemProxy */ = {
			isa = PBXContainerItemProxy;
			containerPortal = 3237E9B22B694E8B0030E918 /* Project object */;
			proxyType = 1;
			remoteGlobalIDString = 3237E9B92B694E8B0030E918;
			remoteInfo = "What? Where? When?";
		};
		3237E9DB2B694E950030E918 /* PBXContainerItemProxy */ = {
			isa = PBXContainerItemProxy;
			containerPortal = 3237E9B22B694E8B0030E918 /* Project object */;
			proxyType = 1;
			remoteGlobalIDString = 3237E9B92B694E8B0030E918;
			remoteInfo = "What? Where? When?";
		};
/* End PBXContainerItemProxy section */

/* Begin PBXFileReference section */
		3237E20E2B6C879F004E6AC0 /* TabBarController.swift */ = {isa = PBXFileReference; lastKnownFileType = sourcecode.swift; path = TabBarController.swift; sourceTree = "<group>"; };
		3237E2102B6C8B06004E6AC0 /* HomeViewController.swift */ = {isa = PBXFileReference; lastKnownFileType = sourcecode.swift; path = HomeViewController.swift; sourceTree = "<group>"; };
		3237E2122B6C8EBE004E6AC0 /* PlayViewController.swift */ = {isa = PBXFileReference; lastKnownFileType = sourcecode.swift; path = PlayViewController.swift; sourceTree = "<group>"; };
		3237E2142B6C8EF1004E6AC0 /* RatingsViewController.swift */ = {isa = PBXFileReference; lastKnownFileType = sourcecode.swift; path = RatingsViewController.swift; sourceTree = "<group>"; };
		3237E9BA2B694E8B0030E918 /* What? Where? When?.app */ = {isa = PBXFileReference; explicitFileType = wrapper.application; includeInIndex = 0; path = "What? Where? When?.app"; sourceTree = BUILT_PRODUCTS_DIR; };
		3237E9BD2B694E8B0030E918 /* AppDelegate.swift */ = {isa = PBXFileReference; lastKnownFileType = sourcecode.swift; path = AppDelegate.swift; sourceTree = "<group>"; };
		3237E9BF2B694E8B0030E918 /* SceneDelegate.swift */ = {isa = PBXFileReference; lastKnownFileType = sourcecode.swift; path = SceneDelegate.swift; sourceTree = "<group>"; };
		3237E9C62B694E950030E918 /* Assets.xcassets */ = {isa = PBXFileReference; lastKnownFileType = folder.assetcatalog; path = Assets.xcassets; sourceTree = "<group>"; };
		3237E9CB2B694E950030E918 /* Info.plist */ = {isa = PBXFileReference; lastKnownFileType = text.plist.xml; path = Info.plist; sourceTree = "<group>"; };
		3237E9D02B694E950030E918 /* What? Where? When?Tests.xctest */ = {isa = PBXFileReference; explicitFileType = wrapper.cfbundle; includeInIndex = 0; path = "What? Where? When?Tests.xctest"; sourceTree = BUILT_PRODUCTS_DIR; };
		3237E9D42B694E950030E918 /* What__Where__When_Tests.swift */ = {isa = PBXFileReference; lastKnownFileType = sourcecode.swift; path = What__Where__When_Tests.swift; sourceTree = "<group>"; };
		3237E9DA2B694E950030E918 /* What? Where? When?UITests.xctest */ = {isa = PBXFileReference; explicitFileType = wrapper.cfbundle; includeInIndex = 0; path = "What? Where? When?UITests.xctest"; sourceTree = BUILT_PRODUCTS_DIR; };
		3237E9DE2B694E960030E918 /* What__Where__When_UITests.swift */ = {isa = PBXFileReference; lastKnownFileType = sourcecode.swift; path = What__Where__When_UITests.swift; sourceTree = "<group>"; };
		3237E9E02B694E960030E918 /* What__Where__When_UITestsLaunchTests.swift */ = {isa = PBXFileReference; lastKnownFileType = sourcecode.swift; path = What__Where__When_UITestsLaunchTests.swift; sourceTree = "<group>"; };
		327902F92B6AF7E60051D8F8 /* OnboardingScreenView.swift */ = {isa = PBXFileReference; lastKnownFileType = sourcecode.swift; path = OnboardingScreenView.swift; sourceTree = "<group>"; };
		327902FC2B6B0F0A0051D8F8 /* PageModel.swift */ = {isa = PBXFileReference; lastKnownFileType = sourcecode.swift; path = PageModel.swift; sourceTree = "<group>"; };
		327902FF2B6B10940051D8F8 /* CustomPageView.swift */ = {isa = PBXFileReference; lastKnownFileType = sourcecode.swift; path = CustomPageView.swift; sourceTree = "<group>"; };
		327903052B6C18710051D8F8 /* LoginView.swift */ = {isa = PBXFileReference; lastKnownFileType = sourcecode.swift; path = LoginView.swift; sourceTree = "<group>"; };
		327903072B6C19890051D8F8 /* IntroView.swift */ = {isa = PBXFileReference; lastKnownFileType = sourcecode.swift; path = IntroView.swift; sourceTree = "<group>"; };
		327D6E5E2B6FAB040076993A /* GoogleService-Info.plist */ = {isa = PBXFileReference; fileEncoding = 4; lastKnownFileType = text.plist.xml; path = "GoogleService-Info.plist"; sourceTree = "<group>"; };
		327D7B0B2B70571800644D4C /* CustomTextField.swift */ = {isa = PBXFileReference; lastKnownFileType = sourcecode.swift; path = CustomTextField.swift; sourceTree = "<group>"; };
		327D7B0F2B706BBF00644D4C /* CustomButton.swift */ = {isa = PBXFileReference; lastKnownFileType = sourcecode.swift; path = CustomButton.swift; sourceTree = "<group>"; };
		327E20372B6A003300736DB4 /* SignUpViewController.swift */ = {isa = PBXFileReference; lastKnownFileType = sourcecode.swift; path = SignUpViewController.swift; sourceTree = "<group>"; };
		327E203A2B6A005D00736DB4 /* PasswordRecoveryViewController.swift */ = {isa = PBXFileReference; lastKnownFileType = sourcecode.swift; path = PasswordRecoveryViewController.swift; sourceTree = "<group>"; };
		327E203D2B6A6A9600736DB4 /* Color+Extension.swift */ = {isa = PBXFileReference; lastKnownFileType = sourcecode.swift; path = "Color+Extension.swift"; sourceTree = "<group>"; };
		327E20422B6A8C7200736DB4 /* bpg_nino_mkhedruli_normal.otf */ = {isa = PBXFileReference; lastKnownFileType = file; path = bpg_nino_mkhedruli_normal.otf; sourceTree = "<group>"; };
		327E20462B6A8C7F00736DB4 /* bpg_nino_mkhedruli_book.otf */ = {isa = PBXFileReference; lastKnownFileType = file; path = bpg_nino_mkhedruli_book.otf; sourceTree = "<group>"; };
		327E204A2B6A8C8E00736DB4 /* bpg_nino_mkhedruli_bold.ttf */ = {isa = PBXFileReference; lastKnownFileType = file; path = bpg_nino_mkhedruli_bold.ttf; sourceTree = "<group>"; };
		327E204E2B6A8C9800736DB4 /* bpg_nino_mtavruli_normal.ttf */ = {isa = PBXFileReference; lastKnownFileType = file; path = bpg_nino_mtavruli_normal.ttf; sourceTree = "<group>"; };
		327E20522B6A8CA200736DB4 /* bpg_nino_mtavruli_bold.ttf */ = {isa = PBXFileReference; lastKnownFileType = file; path = bpg_nino_mtavruli_bold.ttf; sourceTree = "<group>"; };
		32831FF72B6DBEE900BDEF42 /* RatingModel.swift */ = {isa = PBXFileReference; lastKnownFileType = sourcecode.swift; path = RatingModel.swift; sourceTree = "<group>"; };
		32831FFB2B6DC3A200BDEF42 /* CustomRatingCell.swift */ = {isa = PBXFileReference; lastKnownFileType = sourcecode.swift; path = CustomRatingCell.swift; sourceTree = "<group>"; };
		32CF662E2B6A962700FB1A98 /* Font+Extension.swift */ = {isa = PBXFileReference; lastKnownFileType = sourcecode.swift; path = "Font+Extension.swift"; sourceTree = "<group>"; };
		32E4C3C22B6D2C75001385E5 /* CustomPlayButton.swift */ = {isa = PBXFileReference; lastKnownFileType = sourcecode.swift; path = CustomPlayButton.swift; sourceTree = "<group>"; };
		32E4C3C62B6D8851001385E5 /* CustomDashboardItem.swift */ = {isa = PBXFileReference; lastKnownFileType = sourcecode.swift; path = CustomDashboardItem.swift; sourceTree = "<group>"; };
/* End PBXFileReference section */

/* Begin PBXFrameworksBuildPhase section */
		3237E9B72B694E8B0030E918 /* Frameworks */ = {
			isa = PBXFrameworksBuildPhase;
			buildActionMask = 2147483647;
			files = (
				327D6E652B6FB9900076993A /* FirebaseAnalyticsSwift in Frameworks */,
				327D7B082B6FE11300644D4C /* FirebaseAuth in Frameworks */,
				327D6E632B6FB9900076993A /* FirebaseAnalytics in Frameworks */,
			);
			runOnlyForDeploymentPostprocessing = 0;
		};
		3237E9CD2B694E950030E918 /* Frameworks */ = {
			isa = PBXFrameworksBuildPhase;
			buildActionMask = 2147483647;
			files = (
			);
			runOnlyForDeploymentPostprocessing = 0;
		};
		3237E9D72B694E950030E918 /* Frameworks */ = {
			isa = PBXFrameworksBuildPhase;
			buildActionMask = 2147483647;
			files = (
			);
			runOnlyForDeploymentPostprocessing = 0;
		};
/* End PBXFrameworksBuildPhase section */

/* Begin PBXGroup section */
		3237E20D2B6C812B004E6AC0 /* Profile */ = {
			isa = PBXGroup;
			children = (
				32831FF62B6DBEBF00BDEF42 /* Model */,
				32831FF92B6DC35C00BDEF42 /* Views */,
			);
			path = Profile;
			sourceTree = "<group>";
		};
		3237E9B12B694E8B0030E918 = {
			isa = PBXGroup;
			children = (
				3237E9BC2B694E8B0030E918 /* What? Where? When? */,
				3237E9D32B694E950030E918 /* What? Where? When?Tests */,
				3237E9DD2B694E960030E918 /* What? Where? When?UITests */,
				3237E9BB2B694E8B0030E918 /* Products */,
				327D7B062B6FE11300644D4C /* Frameworks */,
			);
			sourceTree = "<group>";
		};
		3237E9BB2B694E8B0030E918 /* Products */ = {
			isa = PBXGroup;
			children = (
				3237E9BA2B694E8B0030E918 /* What? Where? When?.app */,
				3237E9D02B694E950030E918 /* What? Where? When?Tests.xctest */,
				3237E9DA2B694E950030E918 /* What? Where? When?UITests.xctest */,
			);
			name = Products;
			sourceTree = "<group>";
		};
		3237E9BC2B694E8B0030E918 /* What? Where? When? */ = {
			isa = PBXGroup;
			children = (
				327E202D2B69FEF500736DB4 /* App */,
				327D6E662B6FC8BA0076993A /* Support */,
				327903092B6C1A6D0051D8F8 /* Introduction (Onboarding) */,
				327E202F2B69FF2800736DB4 /* Login */,
				327E20362B69FFFE00736DB4 /* SignUp */,
				327E20392B6A004600736DB4 /* Password Recovery */,
				3237E20D2B6C812B004E6AC0 /* Profile */,
				32CF66302B6AD75700FB1A98 /* Reusable Components */,
				327E20412B6A8C4400736DB4 /* Custom Fonts */,
				327E203C2B6A6A8300736DB4 /* Extensions */,
			);
			path = "What? Where? When?";
			sourceTree = "<group>";
		};
		3237E9D32B694E950030E918 /* What? Where? When?Tests */ = {
			isa = PBXGroup;
			children = (
				3237E9D42B694E950030E918 /* What__Where__When_Tests.swift */,
			);
			path = "What? Where? When?Tests";
			sourceTree = "<group>";
		};
		3237E9DD2B694E960030E918 /* What? Where? When?UITests */ = {
			isa = PBXGroup;
			children = (
				3237E9DE2B694E960030E918 /* What__Where__When_UITests.swift */,
				3237E9E02B694E960030E918 /* What__Where__When_UITestsLaunchTests.swift */,
			);
			path = "What? Where? When?UITests";
			sourceTree = "<group>";
		};
		327902FB2B6B0EF70051D8F8 /* Model */ = {
			isa = PBXGroup;
			children = (
				327902FC2B6B0F0A0051D8F8 /* PageModel.swift */,
			);
			path = Model;
			sourceTree = "<group>";
		};
		327902FE2B6B107C0051D8F8 /* Views */ = {
			isa = PBXGroup;
			children = (
				327902F92B6AF7E60051D8F8 /* OnboardingScreenView.swift */,
				327902FF2B6B10940051D8F8 /* CustomPageView.swift */,
			);
			path = Views;
			sourceTree = "<group>";
		};
		327903092B6C1A6D0051D8F8 /* Introduction (Onboarding) */ = {
			isa = PBXGroup;
			children = (
				327903072B6C19890051D8F8 /* IntroView.swift */,
				327E202E2B69FF0E00736DB4 /* Onboarding */,
			);
			path = "Introduction (Onboarding)";
			sourceTree = "<group>";
		};
		327D6E662B6FC8BA0076993A /* Support */ = {
			isa = PBXGroup;
			children = (
				327D6E5E2B6FAB040076993A /* GoogleService-Info.plist */,
				3237E9C62B694E950030E918 /* Assets.xcassets */,
				3237E9CB2B694E950030E918 /* Info.plist */,
			);
			path = Support;
			sourceTree = "<group>";
		};
		327D7B062B6FE11300644D4C /* Frameworks */ = {
			isa = PBXGroup;
			children = (
			);
			name = Frameworks;
			sourceTree = "<group>";
		};
		327E202D2B69FEF500736DB4 /* App */ = {
			isa = PBXGroup;
			children = (
				3237E9BD2B694E8B0030E918 /* AppDelegate.swift */,
				3237E9BF2B694E8B0030E918 /* SceneDelegate.swift */,
			);
			path = App;
			sourceTree = "<group>";
		};
		327E202E2B69FF0E00736DB4 /* Onboarding */ = {
			isa = PBXGroup;
			children = (
				327902FB2B6B0EF70051D8F8 /* Model */,
				327902FE2B6B107C0051D8F8 /* Views */,
			);
			path = Onboarding;
			sourceTree = "<group>";
		};
		327E202F2B69FF2800736DB4 /* Login */ = {
			isa = PBXGroup;
			children = (
				327903052B6C18710051D8F8 /* LoginView.swift */,
			);
			path = Login;
			sourceTree = "<group>";
		};
		327E20362B69FFFE00736DB4 /* SignUp */ = {
			isa = PBXGroup;
			children = (
				327E20372B6A003300736DB4 /* SignUpViewController.swift */,
			);
			path = SignUp;
			sourceTree = "<group>";
		};
		327E20392B6A004600736DB4 /* Password Recovery */ = {
			isa = PBXGroup;
			children = (
				327E203A2B6A005D00736DB4 /* PasswordRecoveryViewController.swift */,
			);
			path = "Password Recovery";
			sourceTree = "<group>";
		};
		327E203C2B6A6A8300736DB4 /* Extensions */ = {
			isa = PBXGroup;
			children = (
				327E203D2B6A6A9600736DB4 /* Color+Extension.swift */,
				32CF662E2B6A962700FB1A98 /* Font+Extension.swift */,
			);
			path = Extensions;
			sourceTree = "<group>";
		};
		327E20412B6A8C4400736DB4 /* Custom Fonts */ = {
			isa = PBXGroup;
			children = (
				327E20522B6A8CA200736DB4 /* bpg_nino_mtavruli_bold.ttf */,
				327E204E2B6A8C9800736DB4 /* bpg_nino_mtavruli_normal.ttf */,
				327E204A2B6A8C8E00736DB4 /* bpg_nino_mkhedruli_bold.ttf */,
				327E20462B6A8C7F00736DB4 /* bpg_nino_mkhedruli_book.otf */,
				327E20422B6A8C7200736DB4 /* bpg_nino_mkhedruli_normal.otf */,
			);
			path = "Custom Fonts";
			sourceTree = "<group>";
		};
		32831FF62B6DBEBF00BDEF42 /* Model */ = {
			isa = PBXGroup;
			children = (
				32831FF72B6DBEE900BDEF42 /* RatingModel.swift */,
			);
			path = Model;
			sourceTree = "<group>";
		};
		32831FF92B6DC35C00BDEF42 /* Views */ = {
			isa = PBXGroup;
			children = (
				32831FFA2B6DC36B00BDEF42 /* Cell */,
				3237E20E2B6C879F004E6AC0 /* TabBarController.swift */,
				3237E2102B6C8B06004E6AC0 /* HomeViewController.swift */,
				3237E2122B6C8EBE004E6AC0 /* PlayViewController.swift */,
				3237E2142B6C8EF1004E6AC0 /* RatingsViewController.swift */,
			);
			path = Views;
			sourceTree = "<group>";
		};
		32831FFA2B6DC36B00BDEF42 /* Cell */ = {
			isa = PBXGroup;
			children = (
				32831FFB2B6DC3A200BDEF42 /* CustomRatingCell.swift */,
			);
			path = Cell;
			sourceTree = "<group>";
		};
		32CF66302B6AD75700FB1A98 /* Reusable Components */ = {
			isa = PBXGroup;
			children = (
				32E4C3C22B6D2C75001385E5 /* CustomPlayButton.swift */,
				32E4C3C62B6D8851001385E5 /* CustomDashboardItem.swift */,
				327D7B0B2B70571800644D4C /* CustomTextField.swift */,
				327D7B0F2B706BBF00644D4C /* CustomButton.swift */,
			);
			path = "Reusable Components";
			sourceTree = "<group>";
		};
/* End PBXGroup section */

/* Begin PBXNativeTarget section */
		3237E9B92B694E8B0030E918 /* What? Where? When? */ = {
			isa = PBXNativeTarget;
			buildConfigurationList = 3237E9E42B694E960030E918 /* Build configuration list for PBXNativeTarget "What? Where? When?" */;
			buildPhases = (
				3237E9B62B694E8B0030E918 /* Sources */,
				3237E9B72B694E8B0030E918 /* Frameworks */,
				3237E9B82B694E8B0030E918 /* Resources */,
			);
			buildRules = (
			);
			dependencies = (
			);
			name = "What? Where? When?";
			packageProductDependencies = (
				327D6E622B6FB9900076993A /* FirebaseAnalytics */,
				327D6E642B6FB9900076993A /* FirebaseAnalyticsSwift */,
				327D7B072B6FE11300644D4C /* FirebaseAuth */,
			);
			productName = "What? Where? When?";
			productReference = 3237E9BA2B694E8B0030E918 /* What? Where? When?.app */;
			productType = "com.apple.product-type.application";
		};
		3237E9CF2B694E950030E918 /* What? Where? When?Tests */ = {
			isa = PBXNativeTarget;
			buildConfigurationList = 3237E9E72B694E960030E918 /* Build configuration list for PBXNativeTarget "What? Where? When?Tests" */;
			buildPhases = (
				3237E9CC2B694E950030E918 /* Sources */,
				3237E9CD2B694E950030E918 /* Frameworks */,
				3237E9CE2B694E950030E918 /* Resources */,
			);
			buildRules = (
			);
			dependencies = (
				3237E9D22B694E950030E918 /* PBXTargetDependency */,
			);
			name = "What? Where? When?Tests";
			productName = "What? Where? When?Tests";
			productReference = 3237E9D02B694E950030E918 /* What? Where? When?Tests.xctest */;
			productType = "com.apple.product-type.bundle.unit-test";
		};
		3237E9D92B694E950030E918 /* What? Where? When?UITests */ = {
			isa = PBXNativeTarget;
			buildConfigurationList = 3237E9EA2B694E960030E918 /* Build configuration list for PBXNativeTarget "What? Where? When?UITests" */;
			buildPhases = (
				3237E9D62B694E950030E918 /* Sources */,
				3237E9D72B694E950030E918 /* Frameworks */,
				3237E9D82B694E950030E918 /* Resources */,
			);
			buildRules = (
			);
			dependencies = (
				3237E9DC2B694E950030E918 /* PBXTargetDependency */,
			);
			name = "What? Where? When?UITests";
			productName = "What? Where? When?UITests";
			productReference = 3237E9DA2B694E950030E918 /* What? Where? When?UITests.xctest */;
			productType = "com.apple.product-type.bundle.ui-testing";
		};
/* End PBXNativeTarget section */

/* Begin PBXProject section */
		3237E9B22B694E8B0030E918 /* Project object */ = {
			isa = PBXProject;
			attributes = {
				BuildIndependentTargetsInParallel = 1;
				LastSwiftUpdateCheck = 1420;
				LastUpgradeCheck = 1420;
				TargetAttributes = {
					3237E9B92B694E8B0030E918 = {
						CreatedOnToolsVersion = 14.2;
					};
					3237E9CF2B694E950030E918 = {
						CreatedOnToolsVersion = 14.2;
						TestTargetID = 3237E9B92B694E8B0030E918;
					};
					3237E9D92B694E950030E918 = {
						CreatedOnToolsVersion = 14.2;
						TestTargetID = 3237E9B92B694E8B0030E918;
					};
				};
			};
			buildConfigurationList = 3237E9B52B694E8B0030E918 /* Build configuration list for PBXProject "What? Where? When?" */;
			compatibilityVersion = "Xcode 14.0";
			developmentRegion = en;
			hasScannedForEncodings = 0;
			knownRegions = (
				en,
				Base,
			);
			mainGroup = 3237E9B12B694E8B0030E918;
			packageReferences = (
				327D6E612B6FB9900076993A /* XCRemoteSwiftPackageReference "firebase-ios-sdk" */,
			);
			productRefGroup = 3237E9BB2B694E8B0030E918 /* Products */;
			projectDirPath = "";
			projectRoot = "";
			targets = (
				3237E9B92B694E8B0030E918 /* What? Where? When? */,
				3237E9CF2B694E950030E918 /* What? Where? When?Tests */,
				3237E9D92B694E950030E918 /* What? Where? When?UITests */,
			);
		};
/* End PBXProject section */

/* Begin PBXResourcesBuildPhase section */
		3237E9B82B694E8B0030E918 /* Resources */ = {
			isa = PBXResourcesBuildPhase;
			buildActionMask = 2147483647;
			files = (
				327E20432B6A8C7200736DB4 /* bpg_nino_mkhedruli_normal.otf in Resources */,
				3237E9C72B694E950030E918 /* Assets.xcassets in Resources */,
				327E204F2B6A8C9800736DB4 /* bpg_nino_mtavruli_normal.ttf in Resources */,
				327E20532B6A8CA200736DB4 /* bpg_nino_mtavruli_bold.ttf in Resources */,
				327E20472B6A8C7F00736DB4 /* bpg_nino_mkhedruli_book.otf in Resources */,
				327E204B2B6A8C8E00736DB4 /* bpg_nino_mkhedruli_bold.ttf in Resources */,
				327D6E5F2B6FAB040076993A /* GoogleService-Info.plist in Resources */,
			);
			runOnlyForDeploymentPostprocessing = 0;
		};
		3237E9CE2B694E950030E918 /* Resources */ = {
			isa = PBXResourcesBuildPhase;
			buildActionMask = 2147483647;
			files = (
				327E204C2B6A8C8E00736DB4 /* bpg_nino_mkhedruli_bold.ttf in Resources */,
				327E20482B6A8C7F00736DB4 /* bpg_nino_mkhedruli_book.otf in Resources */,
				327E20442B6A8C7200736DB4 /* bpg_nino_mkhedruli_normal.otf in Resources */,
				327E20542B6A8CA200736DB4 /* bpg_nino_mtavruli_bold.ttf in Resources */,
				327E20502B6A8C9800736DB4 /* bpg_nino_mtavruli_normal.ttf in Resources */,
			);
			runOnlyForDeploymentPostprocessing = 0;
		};
		3237E9D82B694E950030E918 /* Resources */ = {
			isa = PBXResourcesBuildPhase;
			buildActionMask = 2147483647;
			files = (
				327E204D2B6A8C8E00736DB4 /* bpg_nino_mkhedruli_bold.ttf in Resources */,
				327E20492B6A8C7F00736DB4 /* bpg_nino_mkhedruli_book.otf in Resources */,
				327E20452B6A8C7200736DB4 /* bpg_nino_mkhedruli_normal.otf in Resources */,
				327E20552B6A8CA200736DB4 /* bpg_nino_mtavruli_bold.ttf in Resources */,
				327E20512B6A8C9800736DB4 /* bpg_nino_mtavruli_normal.ttf in Resources */,
			);
			runOnlyForDeploymentPostprocessing = 0;
		};
/* End PBXResourcesBuildPhase section */

/* Begin PBXSourcesBuildPhase section */
		3237E9B62B694E8B0030E918 /* Sources */ = {
			isa = PBXSourcesBuildPhase;
			buildActionMask = 2147483647;
			files = (
				32E4C3C32B6D2C75001385E5 /* CustomPlayButton.swift in Sources */,
				32831FFC2B6DC3A200BDEF42 /* CustomRatingCell.swift in Sources */,
				327E203E2B6A6A9600736DB4 /* Color+Extension.swift in Sources */,
				327E203B2B6A005D00736DB4 /* PasswordRecoveryViewController.swift in Sources */,
				32E4C3C72B6D8851001385E5 /* CustomDashboardItem.swift in Sources */,
				3237E9BE2B694E8B0030E918 /* AppDelegate.swift in Sources */,
				327903002B6B10940051D8F8 /* CustomPageView.swift in Sources */,
				3237E2112B6C8B06004E6AC0 /* HomeViewController.swift in Sources */,
				327902FA2B6AF7E60051D8F8 /* OnboardingScreenView.swift in Sources */,
				327903082B6C19890051D8F8 /* IntroView.swift in Sources */,
				3237E2132B6C8EBE004E6AC0 /* PlayViewController.swift in Sources */,
				327D7B102B706BBF00644D4C /* CustomButton.swift in Sources */,
				327902FD2B6B0F0A0051D8F8 /* PageModel.swift in Sources */,
				3237E2152B6C8EF1004E6AC0 /* RatingsViewController.swift in Sources */,
				327D7B0C2B70571800644D4C /* CustomTextField.swift in Sources */,
				3237E9C02B694E8B0030E918 /* SceneDelegate.swift in Sources */,
				327903062B6C18710051D8F8 /* LoginView.swift in Sources */,
				3237E20F2B6C879F004E6AC0 /* TabBarController.swift in Sources */,
				32CF662F2B6A962700FB1A98 /* Font+Extension.swift in Sources */,
				32831FF82B6DBEE900BDEF42 /* RatingModel.swift in Sources */,
				327E20382B6A003300736DB4 /* SignUpViewController.swift in Sources */,
			);
			runOnlyForDeploymentPostprocessing = 0;
		};
		3237E9CC2B694E950030E918 /* Sources */ = {
			isa = PBXSourcesBuildPhase;
			buildActionMask = 2147483647;
			files = (
				3237E9D52B694E950030E918 /* What__Where__When_Tests.swift in Sources */,
			);
			runOnlyForDeploymentPostprocessing = 0;
		};
		3237E9D62B694E950030E918 /* Sources */ = {
			isa = PBXSourcesBuildPhase;
			buildActionMask = 2147483647;
			files = (
				3237E9E12B694E960030E918 /* What__Where__When_UITestsLaunchTests.swift in Sources */,
				3237E9DF2B694E960030E918 /* What__Where__When_UITests.swift in Sources */,
			);
			runOnlyForDeploymentPostprocessing = 0;
		};
/* End PBXSourcesBuildPhase section */

/* Begin PBXTargetDependency section */
		3237E9D22B694E950030E918 /* PBXTargetDependency */ = {
			isa = PBXTargetDependency;
			target = 3237E9B92B694E8B0030E918 /* What? Where? When? */;
			targetProxy = 3237E9D12B694E950030E918 /* PBXContainerItemProxy */;
		};
		3237E9DC2B694E950030E918 /* PBXTargetDependency */ = {
			isa = PBXTargetDependency;
			target = 3237E9B92B694E8B0030E918 /* What? Where? When? */;
			targetProxy = 3237E9DB2B694E950030E918 /* PBXContainerItemProxy */;
		};
/* End PBXTargetDependency section */

/* Begin XCBuildConfiguration section */
		3237E9E22B694E960030E918 /* Debug */ = {
			isa = XCBuildConfiguration;
			buildSettings = {
				ALWAYS_SEARCH_USER_PATHS = NO;
				CLANG_ANALYZER_NONNULL = YES;
				CLANG_ANALYZER_NUMBER_OBJECT_CONVERSION = YES_AGGRESSIVE;
				CLANG_CXX_LANGUAGE_STANDARD = "gnu++20";
				CLANG_ENABLE_MODULES = YES;
				CLANG_ENABLE_OBJC_ARC = YES;
				CLANG_ENABLE_OBJC_WEAK = YES;
				CLANG_WARN_BLOCK_CAPTURE_AUTORELEASING = YES;
				CLANG_WARN_BOOL_CONVERSION = YES;
				CLANG_WARN_COMMA = YES;
				CLANG_WARN_CONSTANT_CONVERSION = YES;
				CLANG_WARN_DEPRECATED_OBJC_IMPLEMENTATIONS = YES;
				CLANG_WARN_DIRECT_OBJC_ISA_USAGE = YES_ERROR;
				CLANG_WARN_DOCUMENTATION_COMMENTS = YES;
				CLANG_WARN_EMPTY_BODY = YES;
				CLANG_WARN_ENUM_CONVERSION = YES;
				CLANG_WARN_INFINITE_RECURSION = YES;
				CLANG_WARN_INT_CONVERSION = YES;
				CLANG_WARN_NON_LITERAL_NULL_CONVERSION = YES;
				CLANG_WARN_OBJC_IMPLICIT_RETAIN_SELF = YES;
				CLANG_WARN_OBJC_LITERAL_CONVERSION = YES;
				CLANG_WARN_OBJC_ROOT_CLASS = YES_ERROR;
				CLANG_WARN_QUOTED_INCLUDE_IN_FRAMEWORK_HEADER = YES;
				CLANG_WARN_RANGE_LOOP_ANALYSIS = YES;
				CLANG_WARN_STRICT_PROTOTYPES = YES;
				CLANG_WARN_SUSPICIOUS_MOVE = YES;
				CLANG_WARN_UNGUARDED_AVAILABILITY = YES_AGGRESSIVE;
				CLANG_WARN_UNREACHABLE_CODE = YES;
				CLANG_WARN__DUPLICATE_METHOD_MATCH = YES;
				COPY_PHASE_STRIP = NO;
				DEBUG_INFORMATION_FORMAT = dwarf;
				ENABLE_STRICT_OBJC_MSGSEND = YES;
				ENABLE_TESTABILITY = YES;
				GCC_C_LANGUAGE_STANDARD = gnu11;
				GCC_DYNAMIC_NO_PIC = NO;
				GCC_NO_COMMON_BLOCKS = YES;
				GCC_OPTIMIZATION_LEVEL = 0;
				GCC_PREPROCESSOR_DEFINITIONS = (
					"DEBUG=1",
					"$(inherited)",
				);
				GCC_WARN_64_TO_32_BIT_CONVERSION = YES;
				GCC_WARN_ABOUT_RETURN_TYPE = YES_ERROR;
				GCC_WARN_UNDECLARED_SELECTOR = YES;
				GCC_WARN_UNINITIALIZED_AUTOS = YES_AGGRESSIVE;
				GCC_WARN_UNUSED_FUNCTION = YES;
				GCC_WARN_UNUSED_VARIABLE = YES;
				IPHONEOS_DEPLOYMENT_TARGET = 16.2;
				MTL_ENABLE_DEBUG_INFO = INCLUDE_SOURCE;
				MTL_FAST_MATH = YES;
				ONLY_ACTIVE_ARCH = YES;
				SDKROOT = iphoneos;
				SWIFT_ACTIVE_COMPILATION_CONDITIONS = DEBUG;
				SWIFT_OPTIMIZATION_LEVEL = "-Onone";
			};
			name = Debug;
		};
		3237E9E32B694E960030E918 /* Release */ = {
			isa = XCBuildConfiguration;
			buildSettings = {
				ALWAYS_SEARCH_USER_PATHS = NO;
				CLANG_ANALYZER_NONNULL = YES;
				CLANG_ANALYZER_NUMBER_OBJECT_CONVERSION = YES_AGGRESSIVE;
				CLANG_CXX_LANGUAGE_STANDARD = "gnu++20";
				CLANG_ENABLE_MODULES = YES;
				CLANG_ENABLE_OBJC_ARC = YES;
				CLANG_ENABLE_OBJC_WEAK = YES;
				CLANG_WARN_BLOCK_CAPTURE_AUTORELEASING = YES;
				CLANG_WARN_BOOL_CONVERSION = YES;
				CLANG_WARN_COMMA = YES;
				CLANG_WARN_CONSTANT_CONVERSION = YES;
				CLANG_WARN_DEPRECATED_OBJC_IMPLEMENTATIONS = YES;
				CLANG_WARN_DIRECT_OBJC_ISA_USAGE = YES_ERROR;
				CLANG_WARN_DOCUMENTATION_COMMENTS = YES;
				CLANG_WARN_EMPTY_BODY = YES;
				CLANG_WARN_ENUM_CONVERSION = YES;
				CLANG_WARN_INFINITE_RECURSION = YES;
				CLANG_WARN_INT_CONVERSION = YES;
				CLANG_WARN_NON_LITERAL_NULL_CONVERSION = YES;
				CLANG_WARN_OBJC_IMPLICIT_RETAIN_SELF = YES;
				CLANG_WARN_OBJC_LITERAL_CONVERSION = YES;
				CLANG_WARN_OBJC_ROOT_CLASS = YES_ERROR;
				CLANG_WARN_QUOTED_INCLUDE_IN_FRAMEWORK_HEADER = YES;
				CLANG_WARN_RANGE_LOOP_ANALYSIS = YES;
				CLANG_WARN_STRICT_PROTOTYPES = YES;
				CLANG_WARN_SUSPICIOUS_MOVE = YES;
				CLANG_WARN_UNGUARDED_AVAILABILITY = YES_AGGRESSIVE;
				CLANG_WARN_UNREACHABLE_CODE = YES;
				CLANG_WARN__DUPLICATE_METHOD_MATCH = YES;
				COPY_PHASE_STRIP = NO;
				DEBUG_INFORMATION_FORMAT = "dwarf-with-dsym";
				ENABLE_NS_ASSERTIONS = NO;
				ENABLE_STRICT_OBJC_MSGSEND = YES;
				GCC_C_LANGUAGE_STANDARD = gnu11;
				GCC_NO_COMMON_BLOCKS = YES;
				GCC_WARN_64_TO_32_BIT_CONVERSION = YES;
				GCC_WARN_ABOUT_RETURN_TYPE = YES_ERROR;
				GCC_WARN_UNDECLARED_SELECTOR = YES;
				GCC_WARN_UNINITIALIZED_AUTOS = YES_AGGRESSIVE;
				GCC_WARN_UNUSED_FUNCTION = YES;
				GCC_WARN_UNUSED_VARIABLE = YES;
				IPHONEOS_DEPLOYMENT_TARGET = 16.2;
				MTL_ENABLE_DEBUG_INFO = NO;
				MTL_FAST_MATH = YES;
				SDKROOT = iphoneos;
				SWIFT_COMPILATION_MODE = wholemodule;
				SWIFT_OPTIMIZATION_LEVEL = "-O";
				VALIDATE_PRODUCT = YES;
			};
			name = Release;
		};
		3237E9E52B694E960030E918 /* Debug */ = {
			isa = XCBuildConfiguration;
			buildSettings = {
				ASSETCATALOG_COMPILER_APPICON_NAME = AppIcon;
				ASSETCATALOG_COMPILER_GLOBAL_ACCENT_COLOR_NAME = AccentColor;
				CODE_SIGN_STYLE = Automatic;
				CURRENT_PROJECT_VERSION = 1;
				DEVELOPMENT_TEAM = WN2YL6YWCV;
				GENERATE_INFOPLIST_FILE = YES;
				INFOPLIST_FILE = "What? Where? When?/Support/Info.plist";
				INFOPLIST_KEY_UIApplicationSupportsIndirectInputEvents = YES;
				INFOPLIST_KEY_UILaunchStoryboardName = LaunchScreen;
				INFOPLIST_KEY_UIMainStoryboardFile = "";
				INFOPLIST_KEY_UISupportedInterfaceOrientations_iPad = "UIInterfaceOrientationPortrait UIInterfaceOrientationPortraitUpsideDown UIInterfaceOrientationLandscapeLeft UIInterfaceOrientationLandscapeRight";
				INFOPLIST_KEY_UISupportedInterfaceOrientations_iPhone = "UIInterfaceOrientationPortrait UIInterfaceOrientationLandscapeLeft UIInterfaceOrientationLandscapeRight";
				LD_RUNPATH_SEARCH_PATHS = (
					"$(inherited)",
					"@executable_path/Frameworks",
				);
				MARKETING_VERSION = 1.0;
				PRODUCT_BUNDLE_IDENTIFIER = "com.AnriBeridze.What--Where--When-";
				PRODUCT_NAME = "$(TARGET_NAME)";
				SWIFT_EMIT_LOC_STRINGS = YES;
				SWIFT_VERSION = 5.0;
				TARGETED_DEVICE_FAMILY = "1,2";
			};
			name = Debug;
		};
		3237E9E62B694E960030E918 /* Release */ = {
			isa = XCBuildConfiguration;
			buildSettings = {
				ASSETCATALOG_COMPILER_APPICON_NAME = AppIcon;
				ASSETCATALOG_COMPILER_GLOBAL_ACCENT_COLOR_NAME = AccentColor;
				CODE_SIGN_STYLE = Automatic;
				CURRENT_PROJECT_VERSION = 1;
				DEVELOPMENT_TEAM = WN2YL6YWCV;
				GENERATE_INFOPLIST_FILE = YES;
				INFOPLIST_FILE = "What? Where? When?/Support/Info.plist";
				INFOPLIST_KEY_UIApplicationSupportsIndirectInputEvents = YES;
				INFOPLIST_KEY_UILaunchStoryboardName = LaunchScreen;
				INFOPLIST_KEY_UIMainStoryboardFile = "";
				INFOPLIST_KEY_UISupportedInterfaceOrientations_iPad = "UIInterfaceOrientationPortrait UIInterfaceOrientationPortraitUpsideDown UIInterfaceOrientationLandscapeLeft UIInterfaceOrientationLandscapeRight";
				INFOPLIST_KEY_UISupportedInterfaceOrientations_iPhone = "UIInterfaceOrientationPortrait UIInterfaceOrientationLandscapeLeft UIInterfaceOrientationLandscapeRight";
				LD_RUNPATH_SEARCH_PATHS = (
					"$(inherited)",
					"@executable_path/Frameworks",
				);
				MARKETING_VERSION = 1.0;
				PRODUCT_BUNDLE_IDENTIFIER = "com.AnriBeridze.What--Where--When-";
				PRODUCT_NAME = "$(TARGET_NAME)";
				SWIFT_EMIT_LOC_STRINGS = YES;
				SWIFT_VERSION = 5.0;
				TARGETED_DEVICE_FAMILY = "1,2";
			};
			name = Release;
		};
		3237E9E82B694E960030E918 /* Debug */ = {
			isa = XCBuildConfiguration;
			buildSettings = {
				ALWAYS_EMBED_SWIFT_STANDARD_LIBRARIES = YES;
				BUNDLE_LOADER = "$(TEST_HOST)";
				CODE_SIGN_STYLE = Automatic;
				CURRENT_PROJECT_VERSION = 1;
				DEVELOPMENT_TEAM = WN2YL6YWCV;
				GENERATE_INFOPLIST_FILE = YES;
				IPHONEOS_DEPLOYMENT_TARGET = 16.2;
				MARKETING_VERSION = 1.0;
				PRODUCT_BUNDLE_IDENTIFIER = "com.AnriBeridze.What--Where--When-Tests";
				PRODUCT_NAME = "$(TARGET_NAME)";
				SWIFT_EMIT_LOC_STRINGS = NO;
				SWIFT_VERSION = 5.0;
				TARGETED_DEVICE_FAMILY = "1,2";
				TEST_HOST = "$(BUILT_PRODUCTS_DIR)/What? Where? When?.app/$(BUNDLE_EXECUTABLE_FOLDER_PATH)/What? Where? When?";
			};
			name = Debug;
		};
		3237E9E92B694E960030E918 /* Release */ = {
			isa = XCBuildConfiguration;
			buildSettings = {
				ALWAYS_EMBED_SWIFT_STANDARD_LIBRARIES = YES;
				BUNDLE_LOADER = "$(TEST_HOST)";
				CODE_SIGN_STYLE = Automatic;
				CURRENT_PROJECT_VERSION = 1;
				DEVELOPMENT_TEAM = WN2YL6YWCV;
				GENERATE_INFOPLIST_FILE = YES;
				IPHONEOS_DEPLOYMENT_TARGET = 16.2;
				MARKETING_VERSION = 1.0;
				PRODUCT_BUNDLE_IDENTIFIER = "com.AnriBeridze.What--Where--When-Tests";
				PRODUCT_NAME = "$(TARGET_NAME)";
				SWIFT_EMIT_LOC_STRINGS = NO;
				SWIFT_VERSION = 5.0;
				TARGETED_DEVICE_FAMILY = "1,2";
				TEST_HOST = "$(BUILT_PRODUCTS_DIR)/What? Where? When?.app/$(BUNDLE_EXECUTABLE_FOLDER_PATH)/What? Where? When?";
			};
			name = Release;
		};
		3237E9EB2B694E960030E918 /* Debug */ = {
			isa = XCBuildConfiguration;
			buildSettings = {
				ALWAYS_EMBED_SWIFT_STANDARD_LIBRARIES = YES;
				CODE_SIGN_STYLE = Automatic;
				CURRENT_PROJECT_VERSION = 1;
				DEVELOPMENT_TEAM = WN2YL6YWCV;
				GENERATE_INFOPLIST_FILE = YES;
				MARKETING_VERSION = 1.0;
				PRODUCT_BUNDLE_IDENTIFIER = "com.AnriBeridze.What--Where--When-UITests";
				PRODUCT_NAME = "$(TARGET_NAME)";
				SWIFT_EMIT_LOC_STRINGS = NO;
				SWIFT_VERSION = 5.0;
				TARGETED_DEVICE_FAMILY = "1,2";
				TEST_TARGET_NAME = "What? Where? When?";
			};
			name = Debug;
		};
		3237E9EC2B694E960030E918 /* Release */ = {
			isa = XCBuildConfiguration;
			buildSettings = {
				ALWAYS_EMBED_SWIFT_STANDARD_LIBRARIES = YES;
				CODE_SIGN_STYLE = Automatic;
				CURRENT_PROJECT_VERSION = 1;
				DEVELOPMENT_TEAM = WN2YL6YWCV;
				GENERATE_INFOPLIST_FILE = YES;
				MARKETING_VERSION = 1.0;
				PRODUCT_BUNDLE_IDENTIFIER = "com.AnriBeridze.What--Where--When-UITests";
				PRODUCT_NAME = "$(TARGET_NAME)";
				SWIFT_EMIT_LOC_STRINGS = NO;
				SWIFT_VERSION = 5.0;
				TARGETED_DEVICE_FAMILY = "1,2";
				TEST_TARGET_NAME = "What? Where? When?";
			};
			name = Release;
		};
/* End XCBuildConfiguration section */

/* Begin XCConfigurationList section */
		3237E9B52B694E8B0030E918 /* Build configuration list for PBXProject "What? Where? When?" */ = {
			isa = XCConfigurationList;
			buildConfigurations = (
				3237E9E22B694E960030E918 /* Debug */,
				3237E9E32B694E960030E918 /* Release */,
			);
			defaultConfigurationIsVisible = 0;
			defaultConfigurationName = Release;
		};
		3237E9E42B694E960030E918 /* Build configuration list for PBXNativeTarget "What? Where? When?" */ = {
			isa = XCConfigurationList;
			buildConfigurations = (
				3237E9E52B694E960030E918 /* Debug */,
				3237E9E62B694E960030E918 /* Release */,
			);
			defaultConfigurationIsVisible = 0;
			defaultConfigurationName = Release;
		};
		3237E9E72B694E960030E918 /* Build configuration list for PBXNativeTarget "What? Where? When?Tests" */ = {
			isa = XCConfigurationList;
			buildConfigurations = (
				3237E9E82B694E960030E918 /* Debug */,
				3237E9E92B694E960030E918 /* Release */,
			);
			defaultConfigurationIsVisible = 0;
			defaultConfigurationName = Release;
		};
		3237E9EA2B694E960030E918 /* Build configuration list for PBXNativeTarget "What? Where? When?UITests" */ = {
			isa = XCConfigurationList;
			buildConfigurations = (
				3237E9EB2B694E960030E918 /* Debug */,
				3237E9EC2B694E960030E918 /* Release */,
			);
			defaultConfigurationIsVisible = 0;
			defaultConfigurationName = Release;
		};
/* End XCConfigurationList section */

/* Begin XCRemoteSwiftPackageReference section */
		327D6E612B6FB9900076993A /* XCRemoteSwiftPackageReference "firebase-ios-sdk" */ = {
			isa = XCRemoteSwiftPackageReference;
			repositoryURL = "https://github.com/firebase/firebase-ios-sdk";
			requirement = {
				kind = upToNextMajorVersion;
				minimumVersion = 9.0.0;
			};
		};
/* End XCRemoteSwiftPackageReference section */

/* Begin XCSwiftPackageProductDependency section */
		327D6E622B6FB9900076993A /* FirebaseAnalytics */ = {
			isa = XCSwiftPackageProductDependency;
			package = 327D6E612B6FB9900076993A /* XCRemoteSwiftPackageReference "firebase-ios-sdk" */;
			productName = FirebaseAnalytics;
		};
		327D6E642B6FB9900076993A /* FirebaseAnalyticsSwift */ = {
			isa = XCSwiftPackageProductDependency;
			package = 327D6E612B6FB9900076993A /* XCRemoteSwiftPackageReference "firebase-ios-sdk" */;
			productName = FirebaseAnalyticsSwift;
		};
		327D7B072B6FE11300644D4C /* FirebaseAuth */ = {
			isa = XCSwiftPackageProductDependency;
			package = 327D6E612B6FB9900076993A /* XCRemoteSwiftPackageReference "firebase-ios-sdk" */;
			productName = FirebaseAuth;
		};
/* End XCSwiftPackageProductDependency section */
	};
	rootObject = 3237E9B22B694E8B0030E918 /* Project object */;
}
